<?xml version="1.0" encoding="utf-8"?>
<Project ToolsVersion="4.0" xmlns="http://schemas.microsoft.com/developer/msbuild/2003">
  <ItemGroup>
    <Filter Include="Source Files">
      <UniqueIdentifier>{4FC737F1-C7A5-4376-A066-2A32D752A2FF}</UniqueIdentifier>
      <Extensions>cpp;c;cc;cxx;c++;cppm;ixx;def;odl;idl;hpj;bat;asm;asmx</Extensions>
    </Filter>
    <Filter Include="Header Files">
      <UniqueIdentifier>{93995380-89BD-4b04-88EB-625FBE52EBFB}</UniqueIdentifier>
      <Extensions>h;hh;hpp;hxx;h++;hm;inl;inc;ipp;xsd</Extensions>
    </Filter>
    <Filter Include="Resource Files">
      <UniqueIdentifier>{67DA6AB6-F800-4c08-8B7A-83BB121AAD01}</UniqueIdentifier>
      <Extensions>rc;ico;cur;bmp;dlg;rc2;rct;bin;rgs;gif;jpg;jpeg;jpe;resx;tiff;tif;png;wav;mfcribbon-ms</Extensions>
    </Filter>
    <Filter Include="Header Files\aTEMA">
      <UniqueIdentifier>{2c5c8927-fa43-4c12-82d6-e351bd5cb667}</UniqueIdentifier>
    </Filter>
  </ItemGroup>
  <ItemGroup>
    <ClCompile Include="Source.cpp">
      <Filter>Source Files</Filter>
    </ClCompile>
    <ClCompile Include="sorting.cpp">
      <Filter>Source Files</Filter>
    </ClCompile>
  </ItemGroup>
  <ItemGroup>
    <ClInclude Include="direct_sort.h">
      <Filter>Header Files\aTEMA</Filter>
    </ClInclude>
    <ClInclude Include="bucket_sort.h">
      <Filter>Header Files\aTEMA</Filter>
    </ClInclude>
    <ClInclude Include="odd_even_sort.h">
      <Filter>Header Files\aTEMA</Filter>
    </ClInclude>
    <ClInclude Include="ranking_sort.h">
      <Filter>Header Files\aTEMA</Filter>
    </ClInclude>
    <ClInclude Include="shell_sort.h">
      <Filter>Header Files\aTEMA</Filter>
    </ClInclude>
    <ClInclude Include="exec_sorts.h">
      <Filter>Header Files\aTEMA</Filter>
    </ClInclude>
    <ClInclude Include="data_generation.h">
      <Filter>Header Files\aTEMA</Filter>
    </ClInclude>
  </ItemGroup>
  <ItemGroup>
    <Text Include="small_data.txt">
      <Filter>Header Files\aTEMA</Filter>
    </Text>
    <Text Include="data_10mil.txt">
      <Filter>Header Files\aTEMA</Filter>
    </Text>
    <Text Include="data_1mil.txt">
      <Filter>Header Files\aTEMA</Filter>
    </Text>
  </ItemGroup>
  <ItemGroup>
    <None Include="bucket_sort_times.json">
      <Filter>Header Files\aTEMA</Filter>
    </None>
    <None Include="direct_sort_time.json">
      <Filter>Header Files\aTEMA</Filter>
    </None>
    <None Include="odd_even_times.json">
      <Filter>Header Files\aTEMA</Filter>
    </None>
    <None Include="shell_sort_times.json">
      <Filter>Header Files\aTEMA</Filter>
    </None>
    <None Include="ranking_sort_time.json">
      <Filter>Header Files\aTEMA</Filter>
    </None>
  </ItemGroup>
</Project>